
Microsoft Visual Studio Solution File, Format Version 12.00
# Visual Studio 15
VisualStudioVersion = 15.0.33529.398
MinimumVisualStudioVersion = 10.0.40219.1
Project("{FAE04EC0-301F-11D3-BF4B-00C04F79EFBC}") = "DynamicCvProject", "DynamicCvProject\DynamicCvProject.csproj", "{096F9D08-853D-4778-B622-01784C870022}"
EndProject
Global
	GlobalSection(SolutionConfigurationPlatforms) = preSolution
		Debug|Any CPU = Debug|Any CPU
		Release|Any CPU = Release|Any CPU
	EndGlobalSection
	GlobalSection(ProjectConfigurationPlatforms) = postSolution
		{096F9D08-853D-4778-B622-01784C870022}.Debug|Any CPU.ActiveCfg = Debug|Any CPU
		{096F9D08-853D-4778-B622-01784C870022}.Debug|Any CPU.Build.0 = Debug|Any CPU
		{096F9D08-853D-4778-B622-01784C870022}.Release|Any CPU.ActiveCfg = Release|Any CPU
		{096F9D08-853D-4778-B622-01784C870022}.Release|Any CPU.Build.0 = Release|Any CPU
	EndGlobalSection
	GlobalSection(SolutionProperties) = preSolution
		HideSolutionNode = FALSE
	EndGlobalSection
	GlobalSection(ExtensibilityGlobals) = postSolution
		SolutionGuid = {5C2D96E5-BD39-4BEA-8BB7-2623D83CE113}
	EndGlobalSection
EndGlobal
